{
  "nodes": {
    "disko": {
      "inputs": {
        "nixpkgs": [
          "nixpkgs"
        ]
      },
      "locked": {
        "lastModified": 1750903843,
        "narHash": "sha256-Ng9+f0H5/dW+mq/XOKvB9uwvGbsuiiO6HrPdAcVglCs=",
        "owner": "nix-community",
        "repo": "disko",
        "rev": "83c4da299c1d7d300f8c6fd3a72ac46cb0d59aae",
        "type": "github"
      },
      "original": {
        "owner": "nix-community",
        "ref": "master",
        "repo": "disko",
        "type": "github"
      }
    },
    "flake-parts": {
      "inputs": {
        "nixpkgs-lib": [
          "nixpkgs"
        ]
      },
      "locked": {
        "lastModified": 1749398372,
        "narHash": "sha256-tYBdgS56eXYaWVW3fsnPQ/nFlgWi/Z2Ymhyu21zVM98=",
        "owner": "hercules-ci",
        "repo": "flake-parts",
        "rev": "9305fe4e5c2a6fcf5ba6a3ff155720fbe4076569",
        "type": "github"
      },
      "original": {
        "owner": "hercules-ci",
        "repo": "flake-parts",
        "type": "github"
      }
    },
    "nix-vm-test": {
      "inputs": {
        "nixpkgs": [
          "nixpkgs"
        ]
      },
      "locked": {
        "lastModified": 1748765518,
        "narHash": "sha256-vftOR+7zwnMWl5UpG32GL1VBeNGTDZZT0hv+2uNuBGw=",
        "owner": "Mic92",
        "repo": "nix-vm-test",
        "rev": "d6642fbaf42fc98883d84bab66cd0ec720d9dd0c",
        "type": "github"
      },
      "original": {
        "owner": "Mic92",
        "repo": "nix-vm-test",
        "type": "github"
      }
    },
    "nixos-images": {
      "inputs": {
        "nixos-stable": [
          "nixos-stable"
        ],
        "nixos-unstable": [
          "nixpkgs"
        ]
      },
      "locked": {
        "lastModified": 1749431982,
        "narHash": "sha256-MPJeGfCvufOS/sKV0TgxZY8yw4iLgGVyJBLn+VBEBAw=",
        "owner": "nix-community",
        "repo": "nixos-images",
        "rev": "f1102a5bfc1eea893089b8b8d3d9f6f8c74eba8c",
        "type": "github"
      },
      "original": {
        "owner": "nix-community",
        "repo": "nixos-images",
        "type": "github"
      }
    },
    "nixos-stable": {
      "locked": {
        "lastModified": 1750969886,
        "narHash": "sha256-zW/OFnotiz/ndPFdebpo3X0CrbVNf22n4DjN2vxlb58=",
        "owner": "NixOS",
        "repo": "nixpkgs",
        "rev": "a676066377a2fe7457369dd37c31fd2263b662f4",
        "type": "github"
      },
      "original": {
        "owner": "NixOS",
        "ref": "nixos-25.05",
        "repo": "nixpkgs",
        "type": "github"
      }
    },
    "nixpkgs": {
      "locked": {
        "lastModified": 1751160262,
        "narHash": "sha256-Auc7fgqa3RErx5XslOeW4FVNBaE2RU4PMYKgA0Qwi7c=",
        "owner": "nixos",
        "repo": "nixpkgs",
        "rev": "3fd29d9d28e8536c827018bf5779488cfc2d8736",
        "type": "github"
      },
      "original": {
        "owner": "nixos",
        "ref": "nixos-unstable-small",
        "repo": "nixpkgs",
        "type": "github"
      }
    },
    "root": {
      "inputs": {
        "disko": "disko",
        "flake-parts": "flake-parts",
        "nix-vm-test": "nix-vm-test",
        "nixos-images": "nixos-images",
        "nixos-stable": "nixos-stable",
        "nixpkgs": "nixpkgs",
        "treefmt-nix": "treefmt-nix"
      }
    },
    "treefmt-nix": {
      "inputs": {
        "nixpkgs": [
          "nixpkgs"
        ]
      },
      "locked": {
        "lastModified": 1750931469,
        "narHash": "sha256-0IEdQB1nS+uViQw4k3VGUXntjkDp7aAlqcxdewb/hAc=",
        "owner": "numtide",
        "repo": "treefmt-nix",
        "rev": "ac8e6f32e11e9c7f153823abc3ab007f2a65d3e1",
        "type": "github"
      },
      "original": {
        "owner": "numtide",
        "repo": "treefmt-nix",
        "type": "github"
      }
    }
  },
  "root": "root",
  "version": 7
}
